
Microsoft Visual Studio Solution File, Format Version 12.00
# Visual Studio Version 18
VisualStudioVersion = 18.0.11222.15
MinimumVisualStudioVersion = 10.0.40219.1
Project("{9A19103F-16F7-4668-BE54-9A1E7A4F7556}") = "ControlSystem.MainApp", "ControlSystem.MainApp\ControlSystem.MainApp.csproj", "{72D39A27-6A31-42CA-BB5A-B9225FBFAD98}"
EndProject
Project("{9A19103F-16F7-4668-BE54-9A1E7A4F7556}") = "ControlSystem.Domain", "ControlSystem.Domain\ControlSystem.Domain.csproj", "{80007C69-C21B-45DD-B456-42274C795A00}"
EndProject
Project("{9A19103F-16F7-4668-BE54-9A1E7A4F7556}") = "ControlSystem.Services", "ControlSystem.Services\ControlSystem.Services.csproj", "{C5B2E803-C5AC-4FE4-A3D0-6F3C660FA0B9}"
EndProject
Project("{9A19103F-16F7-4668-BE54-9A1E7A4F7556}") = "ControlSystem.DAL", "ControlSystem.DAL\ControlSystem.DAL.csproj", "{B9AA7358-6BAE-42A9-87D6-89A3DEB8FBF9}"
EndProject
Project("{2150E333-8FDC-42A3-9474-1A3956D46DE8}") = "k8s", "k8s", "{ED33B308-A2CA-4BD9-834C-151577122D82}"
	ProjectSection(SolutionItems) = preProject
		k8s\namespaces.yaml = k8s\namespaces.yaml
		k8s\kustomization.yaml = k8s\kustomization.yaml
	EndProjectSection
EndProject
Project("{2150E333-8FDC-42A3-9474-1A3956D46DE8}") = "web-app", "web-app", "{5203B55E-3463-4DF3-845E-127EC1112E92}"
	ProjectSection(SolutionItems) = preProject
		k8s\web-app\deployment.yaml = k8s\web-app\deployment.yaml
		k8s\web-app\service.yaml = k8s\web-app\service.yaml
	EndProjectSection
EndProject
Project("{2150E333-8FDC-42A3-9474-1A3956D46DE8}") = "database", "database", "{5D08199B-BE1D-4599-847E-D1B3A182AE0C}"
	ProjectSection(SolutionItems) = preProject
		k8s\database\manual-backup.yaml = k8s\database\manual-backup.yaml
		k8s\database\migrator-job.yaml = k8s\database\migrator-job.yaml
		k8s\database\object-store.yaml = k8s\database\object-store.yaml
		k8s\database\pg-cluster.yaml = k8s\database\pg-cluster.yaml
		k8s\database\scheduled-backup.yaml = k8s\database\scheduled-backup.yaml
	EndProjectSection
EndProject
Project("{2150E333-8FDC-42A3-9474-1A3956D46DE8}") = "redis", "redis", "{C86FD952-4760-43E8-86C5-597654F1D79C}"
	ProjectSection(SolutionItems) = preProject
		k8s\redis\deployment.yaml = k8s\redis\deployment.yaml
		k8s\redis\redis-pvc.yaml = k8s\redis\redis-pvc.yaml
		k8s\redis\service.yaml = k8s\redis\service.yaml
	EndProjectSection
EndProject
Project("{FAE04EC0-301F-11D3-BF4B-00C04F79EFBC}") = "ControlSystem.Migrator", "ControlSystem.Migrator\ControlSystem.Migrator.csproj", "{CE2D755B-2ACB-4B02-8DB4-E7A702AD53BF}"
EndProject
Project("{2150E333-8FDC-42A3-9474-1A3956D46DE8}") = "object-storage", "object-storage", "{C6C28ADD-E13A-41B7-A35F-6CF7364F83AC}"
	ProjectSection(SolutionItems) = preProject
		k8s\object-storage\deployment.yaml = k8s\object-storage\deployment.yaml
		k8s\object-storage\minio-pvc.yaml = k8s\object-storage\minio-pvc.yaml
		k8s\object-storage\service.yaml = k8s\object-storage\service.yaml
	EndProjectSection
EndProject
Project("{2150E333-8FDC-42A3-9474-1A3956D46DE8}") = "Solution Items", "Solution Items", "{F544CD5C-ACB3-4ABE-9917-B341C11DB4AB}"
	ProjectSection(SolutionItems) = preProject
		.gitlab-ci.yml = .gitlab-ci.yml
		.github\workflows\ci-cd.yml = .github\workflows\ci-cd.yml
		docker-compose.yml = docker-compose.yml
		Dockerfile = Dockerfile
	EndProjectSection
EndProject
Project("{FAE04EC0-301F-11D3-BF4B-00C04F79EFBC}") = "ControlSystem.Tests", "ControlSystem.Tests\ControlSystem.Tests.csproj", "{A6DC788C-BB04-D2A1-BC1F-4ED1DA44D96A}"
EndProject
Project("{2150E333-8FDC-42A3-9474-1A3956D46DE8}") = "ingress", "ingress", "{4E7A008A-73AD-4DCE-9D1E-1E2F59C85976}"
	ProjectSection(SolutionItems) = preProject
		k8s\ingress\ingress.yaml = k8s\ingress\ingress.yaml
	EndProjectSection
EndProject
Global
	GlobalSection(SolutionConfigurationPlatforms) = preSolution
		Debug|Any CPU = Debug|Any CPU
		Release|Any CPU = Release|Any CPU
	EndGlobalSection
	GlobalSection(ProjectConfigurationPlatforms) = postSolution
		{72D39A27-6A31-42CA-BB5A-B9225FBFAD98}.Debug|Any CPU.ActiveCfg = Debug|Any CPU
		{72D39A27-6A31-42CA-BB5A-B9225FBFAD98}.Debug|Any CPU.Build.0 = Debug|Any CPU
		{72D39A27-6A31-42CA-BB5A-B9225FBFAD98}.Release|Any CPU.ActiveCfg = Release|Any CPU
		{72D39A27-6A31-42CA-BB5A-B9225FBFAD98}.Release|Any CPU.Build.0 = Release|Any CPU
		{80007C69-C21B-45DD-B456-42274C795A00}.Debug|Any CPU.ActiveCfg = Debug|Any CPU
		{80007C69-C21B-45DD-B456-42274C795A00}.Debug|Any CPU.Build.0 = Debug|Any CPU
		{80007C69-C21B-45DD-B456-42274C795A00}.Release|Any CPU.ActiveCfg = Release|Any CPU
		{80007C69-C21B-45DD-B456-42274C795A00}.Release|Any CPU.Build.0 = Release|Any CPU
		{C5B2E803-C5AC-4FE4-A3D0-6F3C660FA0B9}.Debug|Any CPU.ActiveCfg = Debug|Any CPU
		{C5B2E803-C5AC-4FE4-A3D0-6F3C660FA0B9}.Debug|Any CPU.Build.0 = Debug|Any CPU
		{C5B2E803-C5AC-4FE4-A3D0-6F3C660FA0B9}.Release|Any CPU.ActiveCfg = Release|Any CPU
		{C5B2E803-C5AC-4FE4-A3D0-6F3C660FA0B9}.Release|Any CPU.Build.0 = Release|Any CPU
		{B9AA7358-6BAE-42A9-87D6-89A3DEB8FBF9}.Debug|Any CPU.ActiveCfg = Debug|Any CPU
		{B9AA7358-6BAE-42A9-87D6-89A3DEB8FBF9}.Debug|Any CPU.Build.0 = Debug|Any CPU
		{B9AA7358-6BAE-42A9-87D6-89A3DEB8FBF9}.Release|Any CPU.ActiveCfg = Release|Any CPU
		{B9AA7358-6BAE-42A9-87D6-89A3DEB8FBF9}.Release|Any CPU.Build.0 = Release|Any CPU
		{CE2D755B-2ACB-4B02-8DB4-E7A702AD53BF}.Debug|Any CPU.ActiveCfg = Debug|Any CPU
		{CE2D755B-2ACB-4B02-8DB4-E7A702AD53BF}.Debug|Any CPU.Build.0 = Debug|Any CPU
		{CE2D755B-2ACB-4B02-8DB4-E7A702AD53BF}.Release|Any CPU.ActiveCfg = Release|Any CPU
		{CE2D755B-2ACB-4B02-8DB4-E7A702AD53BF}.Release|Any CPU.Build.0 = Release|Any CPU
		{A6DC788C-BB04-D2A1-BC1F-4ED1DA44D96A}.Debug|Any CPU.ActiveCfg = Debug|Any CPU
		{A6DC788C-BB04-D2A1-BC1F-4ED1DA44D96A}.Debug|Any CPU.Build.0 = Debug|Any CPU
		{A6DC788C-BB04-D2A1-BC1F-4ED1DA44D96A}.Release|Any CPU.ActiveCfg = Release|Any CPU
		{A6DC788C-BB04-D2A1-BC1F-4ED1DA44D96A}.Release|Any CPU.Build.0 = Release|Any CPU
	EndGlobalSection
	GlobalSection(SolutionProperties) = preSolution
		HideSolutionNode = FALSE
	EndGlobalSection
	GlobalSection(NestedProjects) = preSolution
		{5203B55E-3463-4DF3-845E-127EC1112E92} = {ED33B308-A2CA-4BD9-834C-151577122D82}
		{5D08199B-BE1D-4599-847E-D1B3A182AE0C} = {ED33B308-A2CA-4BD9-834C-151577122D82}
		{C86FD952-4760-43E8-86C5-597654F1D79C} = {ED33B308-A2CA-4BD9-834C-151577122D82}
		{C6C28ADD-E13A-41B7-A35F-6CF7364F83AC} = {ED33B308-A2CA-4BD9-834C-151577122D82}
		{4E7A008A-73AD-4DCE-9D1E-1E2F59C85976} = {ED33B308-A2CA-4BD9-834C-151577122D82}
	EndGlobalSection
	GlobalSection(ExtensibilityGlobals) = postSolution
		SolutionGuid = {281B37B6-0D74-4D7E-BDE1-A310999FB927}
	EndGlobalSection
EndGlobal
